
Microsoft Visual Studio Solution File, Format Version 12.00
Project("{FAE04EC0-301F-11D3-BF4B-00C04F79EFBC}") = "frontend", "frontend\frontend\frontend.csproj", "{B054F51F-8509-452F-AC7D-19C9DE846B38}"
EndProject
Project("{FAE04EC0-301F-11D3-BF4B-00C04F79EFBC}") = "frontend.Client", "frontend\frontend.Client\frontend.Client.csproj", "{64BDA415-8D17-4A54-A1AA-A3300233D88A}"
EndProject
Global
	GlobalSection(SolutionConfigurationPlatforms) = preSolution
		Debug|Any CPU = Debug|Any CPU
		Release|Any CPU = Release|Any CPU
	EndGlobalSection
	GlobalSection(ProjectConfigurationPlatforms) = postSolution
		{B054F51F-8509-452F-AC7D-19C9DE846B38}.Debug|Any CPU.ActiveCfg = Debug|Any CPU
		{B054F51F-8509-452F-AC7D-19C9DE846B38}.Debug|Any CPU.Build.0 = Debug|Any CPU
		{B054F51F-8509-452F-AC7D-19C9DE846B38}.Release|Any CPU.ActiveCfg = Release|Any CPU
		{B054F51F-8509-452F-AC7D-19C9DE846B38}.Release|Any CPU.Build.0 = Release|Any CPU
		{64BDA415-8D17-4A54-A1AA-A3300233D88A}.Debug|Any CPU.ActiveCfg = Debug|Any CPU
		{64BDA415-8D17-4A54-A1AA-A3300233D88A}.Debug|Any CPU.Build.0 = Debug|Any CPU
		{64BDA415-8D17-4A54-A1AA-A3300233D88A}.Release|Any CPU.ActiveCfg = Release|Any CPU
		{64BDA415-8D17-4A54-A1AA-A3300233D88A}.Release|Any CPU.Build.0 = Release|Any CPU
	EndGlobalSection
EndGlobal
