
Microsoft Visual Studio Solution File, Format Version 12.00
# Visual Studio Version 17
VisualStudioVersion = 17.11.35431.28
MinimumVisualStudioVersion = 10.0.40219.1
Project("{9A19103F-16F7-4668-BE54-9A1E7A4F7556}") = "frontend", "frontend\frontend\frontend.csproj", "{B054F51F-8509-452F-AC7D-19C9DE846B38}"
EndProject
Project("{9A19103F-16F7-4668-BE54-9A1E7A4F7556}") = "frontend.Client", "frontend\frontend.Client\frontend.Client.csproj", "{64BDA415-8D17-4A54-A1AA-A3300233D88A}"
EndProject
Project("{9092AA53-FB77-4645-B42D-1CCCA6BD08BD}") = "NodejsConsoleApp1", "NodejsConsoleApp1\NodejsConsoleApp1.njsproj", "{09E51DB3-B967-4CBF-98C7-62AA6A2AAE2B}"
EndProject
Global
	GlobalSection(SolutionConfigurationPlatforms) = preSolution
		Debug|Any CPU = Debug|Any CPU
		Release|Any CPU = Release|Any CPU
	EndGlobalSection
	GlobalSection(ProjectConfigurationPlatforms) = postSolution
		{B054F51F-8509-452F-AC7D-19C9DE846B38}.Debug|Any CPU.ActiveCfg = Debug|Any CPU
		{B054F51F-8509-452F-AC7D-19C9DE846B38}.Debug|Any CPU.Build.0 = Debug|Any CPU
		{B054F51F-8509-452F-AC7D-19C9DE846B38}.Release|Any CPU.ActiveCfg = Release|Any CPU
		{B054F51F-8509-452F-AC7D-19C9DE846B38}.Release|Any CPU.Build.0 = Release|Any CPU
		{64BDA415-8D17-4A54-A1AA-A3300233D88A}.Debug|Any CPU.ActiveCfg = Debug|Any CPU
		{64BDA415-8D17-4A54-A1AA-A3300233D88A}.Debug|Any CPU.Build.0 = Debug|Any CPU
		{64BDA415-8D17-4A54-A1AA-A3300233D88A}.Release|Any CPU.ActiveCfg = Release|Any CPU
		{64BDA415-8D17-4A54-A1AA-A3300233D88A}.Release|Any CPU.Build.0 = Release|Any CPU
		{09E51DB3-B967-4CBF-98C7-62AA6A2AAE2B}.Debug|Any CPU.ActiveCfg = Debug|Any CPU
		{09E51DB3-B967-4CBF-98C7-62AA6A2AAE2B}.Debug|Any CPU.Build.0 = Debug|Any CPU
		{09E51DB3-B967-4CBF-98C7-62AA6A2AAE2B}.Release|Any CPU.ActiveCfg = Release|Any CPU
		{09E51DB3-B967-4CBF-98C7-62AA6A2AAE2B}.Release|Any CPU.Build.0 = Release|Any CPU
	EndGlobalSection
	GlobalSection(SolutionProperties) = preSolution
		HideSolutionNode = FALSE
	EndGlobalSection
	GlobalSection(ExtensibilityGlobals) = postSolution
		SolutionGuid = {9C9DD393-1F3B-44DD-9C0D-680C32BB9279}
	EndGlobalSection
EndGlobal
